
Microsoft Visual Studio Solution File, Format Version 11.00
# Visual C++ Express 2010
Project("{8BC9CEB8-8B4A-11D0-8D11-00A0C91BC942}") = "FLEX_DRIVER", "FLEX_DRIVER.vcxproj", "{B49A0EF0-FB6C-48B1-80B5-77E5085E39E1}"
EndProject
Global
	GlobalSection(SolutionConfigurationPlatforms) = preSolution
		Debug|Win32 = Debug|Win32
		Release|Win32 = Release|Win32
	EndGlobalSection
	GlobalSection(ProjectConfigurationPlatforms) = postSolution
		{B49A0EF0-FB6C-48B1-80B5-77E5085E39E1}.Debug|Win32.ActiveCfg = Debug|Win32
		{B49A0EF0-FB6C-48B1-80B5-77E5085E39E1}.Debug|Win32.Build.0 = Debug|Win32
		{B49A0EF0-FB6C-48B1-80B5-77E5085E39E1}.Release|Win32.ActiveCfg = Release|Win32
		{B49A0EF0-FB6C-48B1-80B5-77E5085E39E1}.Release|Win32.Build.0 = Release|Win32
	EndGlobalSection
	GlobalSection(SolutionProperties) = preSolution
		HideSolutionNode = FALSE
	EndGlobalSection
EndGlobal
