<?xml version="1.0" encoding="utf-8"?>
<Project ToolsVersion="4.0" xmlns="http://schemas.microsoft.com/developer/msbuild/2003">
  <ItemGroup>
    <Filter Include="Source Files">
      <UniqueIdentifier>{4FC737F1-C7A5-4376-A066-2A32D752A2FF}</UniqueIdentifier>
      <Extensions>cpp;c;cc;cxx;def;odl;idl;hpj;bat;asm;asmx</Extensions>
    </Filter>
    <Filter Include="Header Files">
      <UniqueIdentifier>{93995380-89BD-4b04-88EB-625FBE52EBFB}</UniqueIdentifier>
      <Extensions>h;hpp;hxx;hm;inl;inc;xsd</Extensions>
    </Filter>
    <Filter Include="Resource Files">
      <UniqueIdentifier>{67DA6AB6-F800-4c08-8B7A-83BB121AAD01}</UniqueIdentifier>
      <Extensions>rc;ico;cur;bmp;dlg;rc2;rct;bin;rgs;gif;jpg;jpeg;jpe;resx;tiff;tif;png;wav;mfcribbon-ms</Extensions>
    </Filter>
  </ItemGroup>
  <ItemGroup>
    <ClCompile Include="..\..\STEP_0_FLEX_BISON\FLEX_SOURCES_DONT_TOUCH\ccl.c">
      <Filter>Source Files</Filter>
    </ClCompile>
    <ClCompile Include="..\..\STEP_0_FLEX_BISON\FLEX_SOURCES_DONT_TOUCH\dfa.c">
      <Filter>Source Files</Filter>
    </ClCompile>
    <ClCompile Include="..\..\STEP_0_FLEX_BISON\FLEX_SOURCES_DONT_TOUCH\ecs.c">
      <Filter>Source Files</Filter>
    </ClCompile>
    <ClCompile Include="..\..\STEP_0_FLEX_BISON\FLEX_SOURCES_DONT_TOUCH\gen.c">
      <Filter>Source Files</Filter>
    </ClCompile>
    <ClCompile Include="..\..\STEP_0_FLEX_BISON\FLEX_SOURCES_DONT_TOUCH\initscan.c">
      <Filter>Source Files</Filter>
    </ClCompile>
    <ClCompile Include="..\..\STEP_0_FLEX_BISON\FLEX_SOURCES_DONT_TOUCH\main.c">
      <Filter>Source Files</Filter>
    </ClCompile>
    <ClCompile Include="..\..\STEP_0_FLEX_BISON\FLEX_SOURCES_DONT_TOUCH\misc.c">
      <Filter>Source Files</Filter>
    </ClCompile>
    <ClCompile Include="..\..\STEP_0_FLEX_BISON\FLEX_SOURCES_DONT_TOUCH\nfa.c">
      <Filter>Source Files</Filter>
    </ClCompile>
    <ClCompile Include="..\..\STEP_0_FLEX_BISON\FLEX_SOURCES_DONT_TOUCH\parse.c">
      <Filter>Source Files</Filter>
    </ClCompile>
    <ClCompile Include="..\..\STEP_0_FLEX_BISON\FLEX_SOURCES_DONT_TOUCH\skel.c">
      <Filter>Source Files</Filter>
    </ClCompile>
    <ClCompile Include="..\..\STEP_0_FLEX_BISON\FLEX_SOURCES_DONT_TOUCH\sym.c">
      <Filter>Source Files</Filter>
    </ClCompile>
    <ClCompile Include="..\..\STEP_0_FLEX_BISON\FLEX_SOURCES_DONT_TOUCH\tblcmp.c">
      <Filter>Source Files</Filter>
    </ClCompile>
    <ClCompile Include="..\..\STEP_0_FLEX_BISON\FLEX_SOURCES_DONT_TOUCH\yylex.c">
      <Filter>Source Files</Filter>
    </ClCompile>
  </ItemGroup>
  <ItemGroup>
    <ClInclude Include="..\..\STEP_0_FLEX_BISON\FLEX_SOURCES_DONT_TOUCH\config.h">
      <Filter>Header Files</Filter>
    </ClInclude>
    <ClInclude Include="..\..\STEP_0_FLEX_BISON\FLEX_SOURCES_DONT_TOUCH\flexdef.h">
      <Filter>Header Files</Filter>
    </ClInclude>
    <ClInclude Include="..\..\STEP_0_FLEX_BISON\FLEX_SOURCES_DONT_TOUCH\FlexLexer.h">
      <Filter>Header Files</Filter>
    </ClInclude>
    <ClInclude Include="..\..\STEP_0_FLEX_BISON\FLEX_SOURCES_DONT_TOUCH\parse.h">
      <Filter>Header Files</Filter>
    </ClInclude>
    <ClInclude Include="..\..\STEP_0_FLEX_BISON\FLEX_SOURCES_DONT_TOUCH\tokens.h">
      <Filter>Header Files</Filter>
    </ClInclude>
    <ClInclude Include="..\..\STEP_0_FLEX_BISON\FLEX_SOURCES_DONT_TOUCH\version.h">
      <Filter>Header Files</Filter>
    </ClInclude>
  </ItemGroup>
  <ItemGroup>
    <None Include="..\..\STEP_4_CHECK_EXERCISES\STEP_4a_Matrix_Reader\MatrixReader.lex">
      <Filter>Resource Files</Filter>
    </None>
  </ItemGroup>
</Project>