
Microsoft Visual Studio Solution File, Format Version 11.00
# Visual C++ Express 2010
Project("{8BC9CEB8-8B4A-11D0-8D11-00A0C91BC942}") = "LINEAR_ALGEBRA_MASTER", "LINEAR_ALGEBRA_MASTER.vcxproj", "{210FF0A7-AE3B-4AEA-A275-0B56D0A4E5AB}"
EndProject
Global
	GlobalSection(SolutionConfigurationPlatforms) = preSolution
		Debug|Win32 = Debug|Win32
		Release|Win32 = Release|Win32
	EndGlobalSection
	GlobalSection(ProjectConfigurationPlatforms) = postSolution
		{210FF0A7-AE3B-4AEA-A275-0B56D0A4E5AB}.Debug|Win32.ActiveCfg = Debug|Win32
		{210FF0A7-AE3B-4AEA-A275-0B56D0A4E5AB}.Debug|Win32.Build.0 = Debug|Win32
		{210FF0A7-AE3B-4AEA-A275-0B56D0A4E5AB}.Release|Win32.ActiveCfg = Release|Win32
		{210FF0A7-AE3B-4AEA-A275-0B56D0A4E5AB}.Release|Win32.Build.0 = Release|Win32
	EndGlobalSection
	GlobalSection(SolutionProperties) = preSolution
		HideSolutionNode = FALSE
	EndGlobalSection
EndGlobal
